
Microsoft Visual Studio Solution File, Format Version 12.00
# Visual Studio Version 17
VisualStudioVersion = 17.1.32228.430
MinimumVisualStudioVersion = 10.0.40219.1
Project("{2150E333-8FDC-42A3-9474-1A3956D46DE8}") = "LM.Domain", "LM.Domain", "{BE334962-599A-4B03-BD22-EFA8F3CFB3E3}"
EndProject
Project("{2150E333-8FDC-42A3-9474-1A3956D46DE8}") = "LM.Infrastructure", "LM.Infrastructure", "{1884CCDC-23DA-4110-8EE4-1F0A209BE5F2}"
EndProject
Project("{2150E333-8FDC-42A3-9474-1A3956D46DE8}") = "LM.Application", "LM.Application", "{D7C7822F-4D5E-44D9-9C16-12BFA87A1EB5}"
EndProject
Project("{9A19103F-16F7-4668-BE54-9A1E7A4F7556}") = "Library.Domain", "Library.Domain\Library.Domain.csproj", "{0228EA98-BDE1-4BA5-84A0-08001F046ABE}"
EndProject
Project("{9A19103F-16F7-4668-BE54-9A1E7A4F7556}") = "AppFramework", "AppFramework\AppFramework.csproj", "{B02F15AA-6B86-4B13-BEF7-5D22239F272F}"
EndProject
Project("{9A19103F-16F7-4668-BE54-9A1E7A4F7556}") = "Library.Application.Contracts", "Library.Application.Contracts\Library.Application.Contracts.csproj", "{17CBAB25-24FC-4798-B8AF-248126895BB6}"
EndProject
Project("{9A19103F-16F7-4668-BE54-9A1E7A4F7556}") = "Library.Application", "Library.Application\Library.Application.csproj", "{B2EF6425-DE40-44FC-9AA6-93E925DC3189}"
EndProject
Project("{9A19103F-16F7-4668-BE54-9A1E7A4F7556}") = "Library.Infrastructure.EFCore", "Library.Infrastructure.EFCore\Library.Infrastructure.EFCore.csproj", "{8A7531B0-797E-4489-A44E-EE7776000C45}"
EndProject
Project("{9A19103F-16F7-4668-BE54-9A1E7A4F7556}") = "AppQuery", "AppQuery\AppQuery.csproj", "{55BB0596-DD41-43B3-AE50-AF195C4088BA}"
EndProject
Project("{9A19103F-16F7-4668-BE54-9A1E7A4F7556}") = "ServiceHost", "ServiceHost\ServiceHost.csproj", "{1FF90B39-6354-4D1F-9586-9276126F06A0}"
EndProject
Project("{9A19103F-16F7-4668-BE54-9A1E7A4F7556}") = "Library.Infrastructure.Configuration", "Library.Infrastructure.Configuration\Library.Infrastructure.Configuration.csproj", "{C3651ADD-2E68-4CC1-8CC7-26642D1EB595}"
EndProject
Project("{2150E333-8FDC-42A3-9474-1A3956D46DE8}") = "LibraryManagement", "LibraryManagement", "{82D6BE81-2C3B-4AF3-B884-E3D327435437}"
EndProject
Project("{2150E333-8FDC-42A3-9474-1A3956D46DE8}") = "LendManagement", "LendManagement", "{ACFDB58F-E6E7-4A27-972B-E1D785F7FDA7}"
EndProject
Project("{2150E333-8FDC-42A3-9474-1A3956D46DE8}") = "LM.Domain", "LM.Domain", "{CCA248FE-9AA6-439C-B381-8F224A242536}"
EndProject
Project("{2150E333-8FDC-42A3-9474-1A3956D46DE8}") = "LM.Infrastructure", "LM.Infrastructure", "{01DBB68D-530B-4E5B-956E-25CF809261D5}"
EndProject
Project("{2150E333-8FDC-42A3-9474-1A3956D46DE8}") = "LM.Application", "LM.Application", "{46AE34F3-EBFE-441A-BB45-D11A1973A6FB}"
EndProject
Project("{FAE04EC0-301F-11D3-BF4B-00C04F79EFBC}") = "LendManagement.Domain", "LendManagement.Domain\LendManagement.Domain.csproj", "{3A04812F-570F-4984-ABCF-02459B22AE23}"
EndProject
Project("{FAE04EC0-301F-11D3-BF4B-00C04F79EFBC}") = "LendManagement.Application", "LendManagement.Application\LendManagement.Application.csproj", "{D4228F4E-2E84-4AD6-88CF-755FB5D2B5F2}"
EndProject
Project("{FAE04EC0-301F-11D3-BF4B-00C04F79EFBC}") = "LendManagement.Application.Contracts", "LendManagement.Application.Contracts\LendManagement.Application.Contracts.csproj", "{11910CA4-53E6-4DFE-8A44-D9B8AB8FCF13}"
EndProject
Project("{FAE04EC0-301F-11D3-BF4B-00C04F79EFBC}") = "LendManagement.Infrastructure.EFCore", "LendManagement.Infrastructure.EFCore\LendManagement.Infrastructure.EFCore.csproj", "{45C0DDBA-A0AE-4D43-A1A7-1745CB7F3294}"
EndProject
Project("{FAE04EC0-301F-11D3-BF4B-00C04F79EFBC}") = "LendManagement.Infrastructure.Configuration", "LendManagement.Infrastructure.Configuration\LendManagement.Infrastructure.Configuration.csproj", "{4A3170CF-E3CC-4ED5-A4C6-0353F7C3297B}"
EndProject
Global
	GlobalSection(SolutionConfigurationPlatforms) = preSolution
		Debug|Any CPU = Debug|Any CPU
		Release|Any CPU = Release|Any CPU
	EndGlobalSection
	GlobalSection(ProjectConfigurationPlatforms) = postSolution
		{0228EA98-BDE1-4BA5-84A0-08001F046ABE}.Debug|Any CPU.ActiveCfg = Debug|Any CPU
		{0228EA98-BDE1-4BA5-84A0-08001F046ABE}.Debug|Any CPU.Build.0 = Debug|Any CPU
		{0228EA98-BDE1-4BA5-84A0-08001F046ABE}.Release|Any CPU.ActiveCfg = Release|Any CPU
		{0228EA98-BDE1-4BA5-84A0-08001F046ABE}.Release|Any CPU.Build.0 = Release|Any CPU
		{B02F15AA-6B86-4B13-BEF7-5D22239F272F}.Debug|Any CPU.ActiveCfg = Debug|Any CPU
		{B02F15AA-6B86-4B13-BEF7-5D22239F272F}.Debug|Any CPU.Build.0 = Debug|Any CPU
		{B02F15AA-6B86-4B13-BEF7-5D22239F272F}.Release|Any CPU.ActiveCfg = Release|Any CPU
		{B02F15AA-6B86-4B13-BEF7-5D22239F272F}.Release|Any CPU.Build.0 = Release|Any CPU
		{17CBAB25-24FC-4798-B8AF-248126895BB6}.Debug|Any CPU.ActiveCfg = Debug|Any CPU
		{17CBAB25-24FC-4798-B8AF-248126895BB6}.Debug|Any CPU.Build.0 = Debug|Any CPU
		{17CBAB25-24FC-4798-B8AF-248126895BB6}.Release|Any CPU.ActiveCfg = Release|Any CPU
		{17CBAB25-24FC-4798-B8AF-248126895BB6}.Release|Any CPU.Build.0 = Release|Any CPU
		{B2EF6425-DE40-44FC-9AA6-93E925DC3189}.Debug|Any CPU.ActiveCfg = Debug|Any CPU
		{B2EF6425-DE40-44FC-9AA6-93E925DC3189}.Debug|Any CPU.Build.0 = Debug|Any CPU
		{B2EF6425-DE40-44FC-9AA6-93E925DC3189}.Release|Any CPU.ActiveCfg = Release|Any CPU
		{B2EF6425-DE40-44FC-9AA6-93E925DC3189}.Release|Any CPU.Build.0 = Release|Any CPU
		{8A7531B0-797E-4489-A44E-EE7776000C45}.Debug|Any CPU.ActiveCfg = Debug|Any CPU
		{8A7531B0-797E-4489-A44E-EE7776000C45}.Debug|Any CPU.Build.0 = Debug|Any CPU
		{8A7531B0-797E-4489-A44E-EE7776000C45}.Release|Any CPU.ActiveCfg = Release|Any CPU
		{8A7531B0-797E-4489-A44E-EE7776000C45}.Release|Any CPU.Build.0 = Release|Any CPU
		{55BB0596-DD41-43B3-AE50-AF195C4088BA}.Debug|Any CPU.ActiveCfg = Debug|Any CPU
		{55BB0596-DD41-43B3-AE50-AF195C4088BA}.Debug|Any CPU.Build.0 = Debug|Any CPU
		{55BB0596-DD41-43B3-AE50-AF195C4088BA}.Release|Any CPU.ActiveCfg = Release|Any CPU
		{55BB0596-DD41-43B3-AE50-AF195C4088BA}.Release|Any CPU.Build.0 = Release|Any CPU
		{1FF90B39-6354-4D1F-9586-9276126F06A0}.Debug|Any CPU.ActiveCfg = Debug|Any CPU
		{1FF90B39-6354-4D1F-9586-9276126F06A0}.Debug|Any CPU.Build.0 = Debug|Any CPU
		{1FF90B39-6354-4D1F-9586-9276126F06A0}.Release|Any CPU.ActiveCfg = Release|Any CPU
		{1FF90B39-6354-4D1F-9586-9276126F06A0}.Release|Any CPU.Build.0 = Release|Any CPU
		{C3651ADD-2E68-4CC1-8CC7-26642D1EB595}.Debug|Any CPU.ActiveCfg = Debug|Any CPU
		{C3651ADD-2E68-4CC1-8CC7-26642D1EB595}.Debug|Any CPU.Build.0 = Debug|Any CPU
		{C3651ADD-2E68-4CC1-8CC7-26642D1EB595}.Release|Any CPU.ActiveCfg = Release|Any CPU
		{C3651ADD-2E68-4CC1-8CC7-26642D1EB595}.Release|Any CPU.Build.0 = Release|Any CPU
		{3A04812F-570F-4984-ABCF-02459B22AE23}.Debug|Any CPU.ActiveCfg = Debug|Any CPU
		{3A04812F-570F-4984-ABCF-02459B22AE23}.Debug|Any CPU.Build.0 = Debug|Any CPU
		{3A04812F-570F-4984-ABCF-02459B22AE23}.Release|Any CPU.ActiveCfg = Release|Any CPU
		{3A04812F-570F-4984-ABCF-02459B22AE23}.Release|Any CPU.Build.0 = Release|Any CPU
		{D4228F4E-2E84-4AD6-88CF-755FB5D2B5F2}.Debug|Any CPU.ActiveCfg = Debug|Any CPU
		{D4228F4E-2E84-4AD6-88CF-755FB5D2B5F2}.Debug|Any CPU.Build.0 = Debug|Any CPU
		{D4228F4E-2E84-4AD6-88CF-755FB5D2B5F2}.Release|Any CPU.ActiveCfg = Release|Any CPU
		{D4228F4E-2E84-4AD6-88CF-755FB5D2B5F2}.Release|Any CPU.Build.0 = Release|Any CPU
		{11910CA4-53E6-4DFE-8A44-D9B8AB8FCF13}.Debug|Any CPU.ActiveCfg = Debug|Any CPU
		{11910CA4-53E6-4DFE-8A44-D9B8AB8FCF13}.Debug|Any CPU.Build.0 = Debug|Any CPU
		{11910CA4-53E6-4DFE-8A44-D9B8AB8FCF13}.Release|Any CPU.ActiveCfg = Release|Any CPU
		{11910CA4-53E6-4DFE-8A44-D9B8AB8FCF13}.Release|Any CPU.Build.0 = Release|Any CPU
		{45C0DDBA-A0AE-4D43-A1A7-1745CB7F3294}.Debug|Any CPU.ActiveCfg = Debug|Any CPU
		{45C0DDBA-A0AE-4D43-A1A7-1745CB7F3294}.Debug|Any CPU.Build.0 = Debug|Any CPU
		{45C0DDBA-A0AE-4D43-A1A7-1745CB7F3294}.Release|Any CPU.ActiveCfg = Release|Any CPU
		{45C0DDBA-A0AE-4D43-A1A7-1745CB7F3294}.Release|Any CPU.Build.0 = Release|Any CPU
		{4A3170CF-E3CC-4ED5-A4C6-0353F7C3297B}.Debug|Any CPU.ActiveCfg = Debug|Any CPU
		{4A3170CF-E3CC-4ED5-A4C6-0353F7C3297B}.Debug|Any CPU.Build.0 = Debug|Any CPU
		{4A3170CF-E3CC-4ED5-A4C6-0353F7C3297B}.Release|Any CPU.ActiveCfg = Release|Any CPU
		{4A3170CF-E3CC-4ED5-A4C6-0353F7C3297B}.Release|Any CPU.Build.0 = Release|Any CPU
	EndGlobalSection
	GlobalSection(SolutionProperties) = preSolution
		HideSolutionNode = FALSE
	EndGlobalSection
	GlobalSection(NestedProjects) = preSolution
		{BE334962-599A-4B03-BD22-EFA8F3CFB3E3} = {82D6BE81-2C3B-4AF3-B884-E3D327435437}
		{1884CCDC-23DA-4110-8EE4-1F0A209BE5F2} = {82D6BE81-2C3B-4AF3-B884-E3D327435437}
		{D7C7822F-4D5E-44D9-9C16-12BFA87A1EB5} = {82D6BE81-2C3B-4AF3-B884-E3D327435437}
		{0228EA98-BDE1-4BA5-84A0-08001F046ABE} = {BE334962-599A-4B03-BD22-EFA8F3CFB3E3}
		{17CBAB25-24FC-4798-B8AF-248126895BB6} = {D7C7822F-4D5E-44D9-9C16-12BFA87A1EB5}
		{B2EF6425-DE40-44FC-9AA6-93E925DC3189} = {D7C7822F-4D5E-44D9-9C16-12BFA87A1EB5}
		{8A7531B0-797E-4489-A44E-EE7776000C45} = {1884CCDC-23DA-4110-8EE4-1F0A209BE5F2}
		{C3651ADD-2E68-4CC1-8CC7-26642D1EB595} = {1884CCDC-23DA-4110-8EE4-1F0A209BE5F2}
		{CCA248FE-9AA6-439C-B381-8F224A242536} = {ACFDB58F-E6E7-4A27-972B-E1D785F7FDA7}
		{01DBB68D-530B-4E5B-956E-25CF809261D5} = {ACFDB58F-E6E7-4A27-972B-E1D785F7FDA7}
		{46AE34F3-EBFE-441A-BB45-D11A1973A6FB} = {ACFDB58F-E6E7-4A27-972B-E1D785F7FDA7}
		{3A04812F-570F-4984-ABCF-02459B22AE23} = {CCA248FE-9AA6-439C-B381-8F224A242536}
		{D4228F4E-2E84-4AD6-88CF-755FB5D2B5F2} = {46AE34F3-EBFE-441A-BB45-D11A1973A6FB}
		{11910CA4-53E6-4DFE-8A44-D9B8AB8FCF13} = {46AE34F3-EBFE-441A-BB45-D11A1973A6FB}
		{45C0DDBA-A0AE-4D43-A1A7-1745CB7F3294} = {01DBB68D-530B-4E5B-956E-25CF809261D5}
		{4A3170CF-E3CC-4ED5-A4C6-0353F7C3297B} = {01DBB68D-530B-4E5B-956E-25CF809261D5}
	EndGlobalSection
	GlobalSection(ExtensibilityGlobals) = postSolution
		SolutionGuid = {BA85AEB7-276E-4896-9EA8-5FA32BD9BAB5}
	EndGlobalSection
EndGlobal
